// !$*UTF8*$!
{
	archiveVersion = 1;
	classes = {
	};
	objectVersion = 56;
	objects = {

/* Begin PBXBuildFile section */
		BC98DF712924D62C00F19B36 /* QuizzApp.swift in Sources */ = {isa = PBXBuildFile; fileRef = BC98DF702924D62C00F19B36 /* QuizzApp.swift */; };
		BC98DF732924D62C00F19B36 /* ContentView.swift in Sources */ = {isa = PBXBuildFile; fileRef = BC98DF722924D62C00F19B36 /* ContentView.swift */; };
		BC98DF752924D62D00F19B36 /* Assets.xcassets in Resources */ = {isa = PBXBuildFile; fileRef = BC98DF742924D62D00F19B36 /* Assets.xcassets */; };
		BC98DF782924D62D00F19B36 /* Preview Assets.xcassets in Resources */ = {isa = PBXBuildFile; fileRef = BC98DF772924D62D00F19B36 /* Preview Assets.xcassets */; };
		BC98DF7F2924DFC500F19B36 /* APIManager.swift in Sources */ = {isa = PBXBuildFile; fileRef = BC98DF7E2924DFC500F19B36 /* APIManager.swift */; };
		BC98DF812924F8D400F19B36 /* QuizModel.swift in Sources */ = {isa = PBXBuildFile; fileRef = BC98DF802924F8D400F19B36 /* QuizModel.swift */; };
		BC98DF842924F9BD00F19B36 /* CategoryVM.swift in Sources */ = {isa = PBXBuildFile; fileRef = BC98DF832924F9BD00F19B36 /* CategoryVM.swift */; };
		BC98DF862924F9F100F19B36 /* QuizVM.swift in Sources */ = {isa = PBXBuildFile; fileRef = BC98DF852924F9F100F19B36 /* QuizVM.swift */; };
		BC98DF892924FA3D00F19B36 /* QuestionRepository.swift in Sources */ = {isa = PBXBuildFile; fileRef = BC98DF882924FA3D00F19B36 /* QuestionRepository.swift */; };
/* End PBXBuildFile section */

/* Begin PBXFileReference section */
		BC98DF6D2924D62C00F19B36 /* Quizz.app */ = {isa = PBXFileReference; explicitFileType = wrapper.application; includeInIndex = 0; path = Quizz.app; sourceTree = BUILT_PRODUCTS_DIR; };
		BC98DF702924D62C00F19B36 /* QuizzApp.swift */ = {isa = PBXFileReference; lastKnownFileType = sourcecode.swift; path = QuizzApp.swift; sourceTree = "<group>"; };
		BC98DF722924D62C00F19B36 /* ContentView.swift */ = {isa = PBXFileReference; lastKnownFileType = sourcecode.swift; path = ContentView.swift; sourceTree = "<group>"; };
		BC98DF742924D62D00F19B36 /* Assets.xcassets */ = {isa = PBXFileReference; lastKnownFileType = folder.assetcatalog; path = Assets.xcassets; sourceTree = "<group>"; };
		BC98DF772924D62D00F19B36 /* Preview Assets.xcassets */ = {isa = PBXFileReference; lastKnownFileType = folder.assetcatalog; path = "Preview Assets.xcassets"; sourceTree = "<group>"; };
		BC98DF7E2924DFC500F19B36 /* APIManager.swift */ = {isa = PBXFileReference; lastKnownFileType = sourcecode.swift; path = APIManager.swift; sourceTree = "<group>"; };
		BC98DF802924F8D400F19B36 /* QuizModel.swift */ = {isa = PBXFileReference; lastKnownFileType = sourcecode.swift; path = QuizModel.swift; sourceTree = "<group>"; };
		BC98DF832924F9BD00F19B36 /* CategoryVM.swift */ = {isa = PBXFileReference; lastKnownFileType = sourcecode.swift; path = CategoryVM.swift; sourceTree = "<group>"; };
		BC98DF852924F9F100F19B36 /* QuizVM.swift */ = {isa = PBXFileReference; lastKnownFileType = sourcecode.swift; path = QuizVM.swift; sourceTree = "<group>"; };
		BC98DF882924FA3D00F19B36 /* QuestionRepository.swift */ = {isa = PBXFileReference; lastKnownFileType = sourcecode.swift; path = QuestionRepository.swift; sourceTree = "<group>"; };
/* End PBXFileReference section */

/* Begin PBXFrameworksBuildPhase section */
		BC98DF6A2924D62C00F19B36 /* Frameworks */ = {
			isa = PBXFrameworksBuildPhase;
			buildActionMask = 2147483647;
			files = (
			);
			runOnlyForDeploymentPostprocessing = 0;
		};
/* End PBXFrameworksBuildPhase section */

/* Begin PBXGroup section */
		BC98DF642924D62C00F19B36 = {
			isa = PBXGroup;
			children = (
				BC98DF6F2924D62C00F19B36 /* Quizz */,
				BC98DF6E2924D62C00F19B36 /* Products */,
			);
			sourceTree = "<group>";
		};
		BC98DF6E2924D62C00F19B36 /* Products */ = {
			isa = PBXGroup;
			children = (
				BC98DF6D2924D62C00F19B36 /* Quizz.app */,
			);
			name = Products;
			sourceTree = "<group>";
		};
		BC98DF6F2924D62C00F19B36 /* Quizz */ = {
			isa = PBXGroup;
			children = (
				BC98DF8A2924FA4500F19B36 /* Utils */,
				BC98DF872924FA1700F19B36 /*  Models */,
				BC98DF822924F99700F19B36 /* ViewModels */,
				BC98DF702924D62C00F19B36 /* QuizzApp.swift */,
				BC98DF722924D62C00F19B36 /* ContentView.swift */,
				BC98DF742924D62D00F19B36 /* Assets.xcassets */,
				BC98DF762924D62D00F19B36 /* Preview Content */,
			);
			path = Quizz;
			sourceTree = "<group>";
		};
		BC98DF762924D62D00F19B36 /* Preview Content */ = {
			isa = PBXGroup;
			children = (
				BC98DF772924D62D00F19B36 /* Preview Assets.xcassets */,
			);
			path = "Preview Content";
			sourceTree = "<group>";
		};
		BC98DF822924F99700F19B36 /* ViewModels */ = {
			isa = PBXGroup;
			children = (
				BC98DF832924F9BD00F19B36 /* CategoryVM.swift */,
				BC98DF852924F9F100F19B36 /* QuizVM.swift */,
			);
			path = ViewModels;
			sourceTree = "<group>";
		};
		BC98DF872924FA1700F19B36 /*  Models */ = {
			isa = PBXGroup;
			children = (
				BC98DF802924F8D400F19B36 /* QuizModel.swift */,
			);
			path = " Models";
			sourceTree = "<group>";
		};
		BC98DF8A2924FA4500F19B36 /* Utils */ = {
			isa = PBXGroup;
			children = (
				BC98DF7E2924DFC500F19B36 /* APIManager.swift */,
				BC98DF882924FA3D00F19B36 /* QuestionRepository.swift */,
			);
			path = Utils;
			sourceTree = "<group>";
		};
/* End PBXGroup section */

/* Begin PBXNativeTarget section */
		BC98DF6C2924D62C00F19B36 /* Quizz */ = {
			isa = PBXNativeTarget;
			buildConfigurationList = BC98DF7B2924D62D00F19B36 /* Build configuration list for PBXNativeTarget "Quizz" */;
			buildPhases = (
				BC98DF692924D62C00F19B36 /* Sources */,
				BC98DF6A2924D62C00F19B36 /* Frameworks */,
				BC98DF6B2924D62C00F19B36 /* Resources */,
			);
			buildRules = (
			);
			dependencies = (
			);
			name = Quizz;
			productName = Quizz;
			productReference = BC98DF6D2924D62C00F19B36 /* Quizz.app */;
			productType = "com.apple.product-type.application";
		};
/* End PBXNativeTarget section */

/* Begin PBXProject section */
		BC98DF652924D62C00F19B36 /* Project object */ = {
			isa = PBXProject;
			attributes = {
				BuildIndependentTargetsInParallel = 1;
				LastSwiftUpdateCheck = 1410;
				LastUpgradeCheck = 1410;
				TargetAttributes = {
					BC98DF6C2924D62C00F19B36 = {
						CreatedOnToolsVersion = 14.1;
					};
				};
			};
			buildConfigurationList = BC98DF682924D62C00F19B36 /* Build configuration list for PBXProject "Quizz" */;
			compatibilityVersion = "Xcode 14.0";
			developmentRegion = en;
			hasScannedForEncodings = 0;
			knownRegions = (
				en,
				Base,
			);
			mainGroup = BC98DF642924D62C00F19B36;
			productRefGroup = BC98DF6E2924D62C00F19B36 /* Products */;
			projectDirPath = "";
			projectRoot = "";
			targets = (
				BC98DF6C2924D62C00F19B36 /* Quizz */,
			);
		};
/* End PBXProject section */

/* Begin PBXResourcesBuildPhase section */
		BC98DF6B2924D62C00F19B36 /* Resources */ = {
			isa = PBXResourcesBuildPhase;
			buildActionMask = 2147483647;
			files = (
				BC98DF782924D62D00F19B36 /* Preview Assets.xcassets in Resources */,
				BC98DF752924D62D00F19B36 /* Assets.xcassets in Resources */,
			);
			runOnlyForDeploymentPostprocessing = 0;
		};
/* End PBXResourcesBuildPhase section */

/* Begin PBXSourcesBuildPhase section */
		BC98DF692924D62C00F19B36 /* Sources */ = {
			isa = PBXSourcesBuildPhase;
			buildActionMask = 2147483647;
			files = (
				BC98DF842924F9BD00F19B36 /* CategoryVM.swift in Sources */,
				BC98DF862924F9F100F19B36 /* QuizVM.swift in Sources */,
				BC98DF812924F8D400F19B36 /* QuizModel.swift in Sources */,
				BC98DF892924FA3D00F19B36 /* QuestionRepository.swift in Sources */,
				BC98DF7F2924DFC500F19B36 /* APIManager.swift in Sources */,
				BC98DF732924D62C00F19B36 /* ContentView.swift in Sources */,
				BC98DF712924D62C00F19B36 /* QuizzApp.swift in Sources */,
			);
			runOnlyForDeploymentPostprocessing = 0;
		};
/* End PBXSourcesBuildPhase section */

/* Begin XCBuildConfiguration section */
		BC98DF792924D62D00F19B36 /* Debug */ = {
			isa = XCBuildConfiguration;
			buildSettings = {
				ALWAYS_SEARCH_USER_PATHS = NO;
				CLANG_ANALYZER_NONNULL = YES;
				CLANG_ANALYZER_NUMBER_OBJECT_CONVERSION = YES_AGGRESSIVE;
				CLANG_CXX_LANGUAGE_STANDARD = "gnu++20";
				CLANG_ENABLE_MODULES = YES;
				CLANG_ENABLE_OBJC_ARC = YES;
				CLANG_ENABLE_OBJC_WEAK = YES;
				CLANG_WARN_BLOCK_CAPTURE_AUTORELEASING = YES;
				CLANG_WARN_BOOL_CONVERSION = YES;
				CLANG_WARN_COMMA = YES;
				CLANG_WARN_CONSTANT_CONVERSION = YES;
				CLANG_WARN_DEPRECATED_OBJC_IMPLEMENTATIONS = YES;
				CLANG_WARN_DIRECT_OBJC_ISA_USAGE = YES_ERROR;
				CLANG_WARN_DOCUMENTATION_COMMENTS = YES;
				CLANG_WARN_EMPTY_BODY = YES;
				CLANG_WARN_ENUM_CONVERSION = YES;
				CLANG_WARN_INFINITE_RECURSION = YES;
				CLANG_WARN_INT_CONVERSION = YES;
				CLANG_WARN_NON_LITERAL_NULL_CONVERSION = YES;
				CLANG_WARN_OBJC_IMPLICIT_RETAIN_SELF = YES;
				CLANG_WARN_OBJC_LITERAL_CONVERSION = YES;
				CLANG_WARN_OBJC_ROOT_CLASS = YES_ERROR;
				CLANG_WARN_QUOTED_INCLUDE_IN_FRAMEWORK_HEADER = YES;
				CLANG_WARN_RANGE_LOOP_ANALYSIS = YES;
				CLANG_WARN_STRICT_PROTOTYPES = YES;
				CLANG_WARN_SUSPICIOUS_MOVE = YES;
				CLANG_WARN_UNGUARDED_AVAILABILITY = YES_AGGRESSIVE;
				CLANG_WARN_UNREACHABLE_CODE = YES;
				CLANG_WARN__DUPLICATE_METHOD_MATCH = YES;
				COPY_PHASE_STRIP = NO;
				DEBUG_INFORMATION_FORMAT = dwarf;
				ENABLE_STRICT_OBJC_MSGSEND = YES;
				ENABLE_TESTABILITY = YES;
				GCC_C_LANGUAGE_STANDARD = gnu11;
				GCC_DYNAMIC_NO_PIC = NO;
				GCC_NO_COMMON_BLOCKS = YES;
				GCC_OPTIMIZATION_LEVEL = 0;
				GCC_PREPROCESSOR_DEFINITIONS = (
					"DEBUG=1",
					"$(inherited)",
				);
				GCC_WARN_64_TO_32_BIT_CONVERSION = YES;
				GCC_WARN_ABOUT_RETURN_TYPE = YES_ERROR;
				GCC_WARN_UNDECLARED_SELECTOR = YES;
				GCC_WARN_UNINITIALIZED_AUTOS = YES_AGGRESSIVE;
				GCC_WARN_UNUSED_FUNCTION = YES;
				GCC_WARN_UNUSED_VARIABLE = YES;
				IPHONEOS_DEPLOYMENT_TARGET = 16.1;
				MTL_ENABLE_DEBUG_INFO = INCLUDE_SOURCE;
				MTL_FAST_MATH = YES;
				ONLY_ACTIVE_ARCH = YES;
				SDKROOT = iphoneos;
				SWIFT_ACTIVE_COMPILATION_CONDITIONS = DEBUG;
				SWIFT_OPTIMIZATION_LEVEL = "-Onone";
			};
			name = Debug;
		};
		BC98DF7A2924D62D00F19B36 /* Release */ = {
			isa = XCBuildConfiguration;
			buildSettings = {
				ALWAYS_SEARCH_USER_PATHS = NO;
				CLANG_ANALYZER_NONNULL = YES;
				CLANG_ANALYZER_NUMBER_OBJECT_CONVERSION = YES_AGGRESSIVE;
				CLANG_CXX_LANGUAGE_STANDARD = "gnu++20";
				CLANG_ENABLE_MODULES = YES;
				CLANG_ENABLE_OBJC_ARC = YES;
				CLANG_ENABLE_OBJC_WEAK = YES;
				CLANG_WARN_BLOCK_CAPTURE_AUTORELEASING = YES;
				CLANG_WARN_BOOL_CONVERSION = YES;
				CLANG_WARN_COMMA = YES;
				CLANG_WARN_CONSTANT_CONVERSION = YES;
				CLANG_WARN_DEPRECATED_OBJC_IMPLEMENTATIONS = YES;
				CLANG_WARN_DIRECT_OBJC_ISA_USAGE = YES_ERROR;
				CLANG_WARN_DOCUMENTATION_COMMENTS = YES;
				CLANG_WARN_EMPTY_BODY = YES;
				CLANG_WARN_ENUM_CONVERSION = YES;
				CLANG_WARN_INFINITE_RECURSION = YES;
				CLANG_WARN_INT_CONVERSION = YES;
				CLANG_WARN_NON_LITERAL_NULL_CONVERSION = YES;
				CLANG_WARN_OBJC_IMPLICIT_RETAIN_SELF = YES;
				CLANG_WARN_OBJC_LITERAL_CONVERSION = YES;
				CLANG_WARN_OBJC_ROOT_CLASS = YES_ERROR;
				CLANG_WARN_QUOTED_INCLUDE_IN_FRAMEWORK_HEADER = YES;
				CLANG_WARN_RANGE_LOOP_ANALYSIS = YES;
				CLANG_WARN_STRICT_PROTOTYPES = YES;
				CLANG_WARN_SUSPICIOUS_MOVE = YES;
				CLANG_WARN_UNGUARDED_AVAILABILITY = YES_AGGRESSIVE;
				CLANG_WARN_UNREACHABLE_CODE = YES;
				CLANG_WARN__DUPLICATE_METHOD_MATCH = YES;
				COPY_PHASE_STRIP = NO;
				DEBUG_INFORMATION_FORMAT = "dwarf-with-dsym";
				ENABLE_NS_ASSERTIONS = NO;
				ENABLE_STRICT_OBJC_MSGSEND = YES;
				GCC_C_LANGUAGE_STANDARD = gnu11;
				GCC_NO_COMMON_BLOCKS = YES;
				GCC_WARN_64_TO_32_BIT_CONVERSION = YES;
				GCC_WARN_ABOUT_RETURN_TYPE = YES_ERROR;
				GCC_WARN_UNDECLARED_SELECTOR = YES;
				GCC_WARN_UNINITIALIZED_AUTOS = YES_AGGRESSIVE;
				GCC_WARN_UNUSED_FUNCTION = YES;
				GCC_WARN_UNUSED_VARIABLE = YES;
				IPHONEOS_DEPLOYMENT_TARGET = 16.1;
				MTL_ENABLE_DEBUG_INFO = NO;
				MTL_FAST_MATH = YES;
				SDKROOT = iphoneos;
				SWIFT_COMPILATION_MODE = wholemodule;
				SWIFT_OPTIMIZATION_LEVEL = "-O";
				VALIDATE_PRODUCT = YES;
			};
			name = Release;
		};
		BC98DF7C2924D62D00F19B36 /* Debug */ = {
			isa = XCBuildConfiguration;
			buildSettings = {
				ASSETCATALOG_COMPILER_APPICON_NAME = AppIcon;
				ASSETCATALOG_COMPILER_GLOBAL_ACCENT_COLOR_NAME = AccentColor;
				CODE_SIGN_STYLE = Automatic;
				CURRENT_PROJECT_VERSION = 1;
				DEVELOPMENT_ASSET_PATHS = "\"Quizz/Preview Content\"";
				DEVELOPMENT_TEAM = A653B885WN;
				ENABLE_PREVIEWS = YES;
				GENERATE_INFOPLIST_FILE = YES;
				INFOPLIST_KEY_UIApplicationSceneManifest_Generation = YES;
				INFOPLIST_KEY_UIApplicationSupportsIndirectInputEvents = YES;
				INFOPLIST_KEY_UILaunchScreen_Generation = YES;
				INFOPLIST_KEY_UISupportedInterfaceOrientations_iPad = "UIInterfaceOrientationPortrait UIInterfaceOrientationPortraitUpsideDown UIInterfaceOrientationLandscapeLeft UIInterfaceOrientationLandscapeRight";
				INFOPLIST_KEY_UISupportedInterfaceOrientations_iPhone = "UIInterfaceOrientationPortrait UIInterfaceOrientationLandscapeLeft UIInterfaceOrientationLandscapeRight";
				LD_RUNPATH_SEARCH_PATHS = (
					"$(inherited)",
					"@executable_path/Frameworks",
				);
				MARKETING_VERSION = 1.0;
				PRODUCT_BUNDLE_IDENTIFIER = de.bestler.Quizz;
				PRODUCT_NAME = "$(TARGET_NAME)";
				SWIFT_EMIT_LOC_STRINGS = YES;
				SWIFT_VERSION = 5.0;
				TARGETED_DEVICE_FAMILY = "1,2";
			};
			name = Debug;
		};
		BC98DF7D2924D62D00F19B36 /* Release */ = {
			isa = XCBuildConfiguration;
			buildSettings = {
				ASSETCATALOG_COMPILER_APPICON_NAME = AppIcon;
				ASSETCATALOG_COMPILER_GLOBAL_ACCENT_COLOR_NAME = AccentColor;
				CODE_SIGN_STYLE = Automatic;
				CURRENT_PROJECT_VERSION = 1;
				DEVELOPMENT_ASSET_PATHS = "\"Quizz/Preview Content\"";
				DEVELOPMENT_TEAM = A653B885WN;
				ENABLE_PREVIEWS = YES;
				GENERATE_INFOPLIST_FILE = YES;
				INFOPLIST_KEY_UIApplicationSceneManifest_Generation = YES;
				INFOPLIST_KEY_UIApplicationSupportsIndirectInputEvents = YES;
				INFOPLIST_KEY_UILaunchScreen_Generation = YES;
				INFOPLIST_KEY_UISupportedInterfaceOrientations_iPad = "UIInterfaceOrientationPortrait UIInterfaceOrientationPortraitUpsideDown UIInterfaceOrientationLandscapeLeft UIInterfaceOrientationLandscapeRight";
				INFOPLIST_KEY_UISupportedInterfaceOrientations_iPhone = "UIInterfaceOrientationPortrait UIInterfaceOrientationLandscapeLeft UIInterfaceOrientationLandscapeRight";
				LD_RUNPATH_SEARCH_PATHS = (
					"$(inherited)",
					"@executable_path/Frameworks",
				);
				MARKETING_VERSION = 1.0;
				PRODUCT_BUNDLE_IDENTIFIER = de.bestler.Quizz;
				PRODUCT_NAME = "$(TARGET_NAME)";
				SWIFT_EMIT_LOC_STRINGS = YES;
				SWIFT_VERSION = 5.0;
				TARGETED_DEVICE_FAMILY = "1,2";
			};
			name = Release;
		};
/* End XCBuildConfiguration section */

/* Begin XCConfigurationList section */
		BC98DF682924D62C00F19B36 /* Build configuration list for PBXProject "Quizz" */ = {
			isa = XCConfigurationList;
			buildConfigurations = (
				BC98DF792924D62D00F19B36 /* Debug */,
				BC98DF7A2924D62D00F19B36 /* Release */,
			);
			defaultConfigurationIsVisible = 0;
			defaultConfigurationName = Release;
		};
		BC98DF7B2924D62D00F19B36 /* Build configuration list for PBXNativeTarget "Quizz" */ = {
			isa = XCConfigurationList;
			buildConfigurations = (
				BC98DF7C2924D62D00F19B36 /* Debug */,
				BC98DF7D2924D62D00F19B36 /* Release */,
			);
			defaultConfigurationIsVisible = 0;
			defaultConfigurationName = Release;
		};
/* End XCConfigurationList section */
	};
	rootObject = BC98DF652924D62C00F19B36 /* Project object */;
}
